
Microsoft Visual Studio Solution File, Format Version 12.00
# Visual Studio 15
VisualStudioVersion = 15.0.27703.2026
MinimumVisualStudioVersion = 10.0.40219.1
Project("{FAE04EC0-301F-11D3-BF4B-00C04F79EFBC}") = "Store.Entities", "Store\Store.Entities.csproj", "{4913F518-3546-4D90-BCD0-C7EDB70BCE3D}"
EndProject
Project("{FAE04EC0-301F-11D3-BF4B-00C04F79EFBC}") = "Store.App", "Store.App\Store.App.csproj", "{0458789A-7B1E-45ED-A246-33EF4470D446}"
EndProject
Project("{2150E333-8FDC-42A3-9474-1A3956D46DE8}") = "01.QuickStart", "01.QuickStart", "{A64C1570-084E-4506-9929-A9AF1B043F47}"
EndProject
Project("{2150E333-8FDC-42A3-9474-1A3956D46DE8}") = "03.TrackChanges", "03.TrackChanges", "{CBC218D7-6A7F-4AF1-ABE4-0E4A1DDFA800}"
EndProject
Project("{FAE04EC0-301F-11D3-BF4B-00C04F79EFBC}") = "Store.App.TCh", "Store.App.TCh\Store.App.TCh.csproj", "{7C8E7E05-42E2-481A-B989-42BDF5FE15D9}"
EndProject
Project("{2150E333-8FDC-42A3-9474-1A3956D46DE8}") = "02.Queryable", "02.Queryable", "{691037F4-CE7C-40C4-8084-A62290E18282}"
EndProject
Project("{FAE04EC0-301F-11D3-BF4B-00C04F79EFBC}") = "Store.App.Qrbl", "Store.App.Qrbl\Store.App.Qrbl.csproj", "{4BAFE498-DC73-4082-865E-8EBD7CAA639A}"
EndProject
Project("{FAE04EC0-301F-11D3-BF4B-00C04F79EFBC}") = "Store.Entities.Mgr", "Store.Entities.Mgr\Store.Entities.Mgr.csproj", "{60CD0AED-6AD7-4555-878C-C79DFE73697E}"
EndProject
Project("{2150E333-8FDC-42A3-9474-1A3956D46DE8}") = "05.Migration", "05.Migration", "{862F157B-24CB-4917-885D-7CA15733EA21}"
EndProject
Project("{FAE04EC0-301F-11D3-BF4B-00C04F79EFBC}") = "Store.App.Mgr", "Store.App.Mgr\Store.App.Mgr.csproj", "{FC110704-3B3D-445D-B92D-E965C108BD92}"
EndProject
Project("{2150E333-8FDC-42A3-9474-1A3956D46DE8}") = "Solution Items", "Solution Items", "{25801285-CD1F-4323-8CFA-C77C19D76528}"
	ProjectSection(SolutionItems) = preProject
		readme.txt = readme.txt
	EndProjectSection
EndProject
Project("{2150E333-8FDC-42A3-9474-1A3956D46DE8}") = "04.TipsTricks", "04.TipsTricks", "{6B273AE9-5E54-4DFC-9A91-6817549E5D94}"
EndProject
Project("{FAE04EC0-301F-11D3-BF4B-00C04F79EFBC}") = "Store.App.TipsTricks", "Store.App.TipsTricks\Store.App.TipsTricks.csproj", "{BBBDB6B6-F06E-4E1B-B5E4-E1D484EFCFE9}"
EndProject
Global
	GlobalSection(SolutionConfigurationPlatforms) = preSolution
		Debug|Any CPU = Debug|Any CPU
		Release|Any CPU = Release|Any CPU
	EndGlobalSection
	GlobalSection(ProjectConfigurationPlatforms) = postSolution
		{4913F518-3546-4D90-BCD0-C7EDB70BCE3D}.Debug|Any CPU.ActiveCfg = Debug|Any CPU
		{4913F518-3546-4D90-BCD0-C7EDB70BCE3D}.Debug|Any CPU.Build.0 = Debug|Any CPU
		{4913F518-3546-4D90-BCD0-C7EDB70BCE3D}.Release|Any CPU.ActiveCfg = Release|Any CPU
		{4913F518-3546-4D90-BCD0-C7EDB70BCE3D}.Release|Any CPU.Build.0 = Release|Any CPU
		{0458789A-7B1E-45ED-A246-33EF4470D446}.Debug|Any CPU.ActiveCfg = Debug|Any CPU
		{0458789A-7B1E-45ED-A246-33EF4470D446}.Debug|Any CPU.Build.0 = Debug|Any CPU
		{0458789A-7B1E-45ED-A246-33EF4470D446}.Release|Any CPU.ActiveCfg = Release|Any CPU
		{0458789A-7B1E-45ED-A246-33EF4470D446}.Release|Any CPU.Build.0 = Release|Any CPU
		{7C8E7E05-42E2-481A-B989-42BDF5FE15D9}.Debug|Any CPU.ActiveCfg = Debug|Any CPU
		{7C8E7E05-42E2-481A-B989-42BDF5FE15D9}.Debug|Any CPU.Build.0 = Debug|Any CPU
		{7C8E7E05-42E2-481A-B989-42BDF5FE15D9}.Release|Any CPU.ActiveCfg = Release|Any CPU
		{7C8E7E05-42E2-481A-B989-42BDF5FE15D9}.Release|Any CPU.Build.0 = Release|Any CPU
		{4BAFE498-DC73-4082-865E-8EBD7CAA639A}.Debug|Any CPU.ActiveCfg = Debug|Any CPU
		{4BAFE498-DC73-4082-865E-8EBD7CAA639A}.Debug|Any CPU.Build.0 = Debug|Any CPU
		{4BAFE498-DC73-4082-865E-8EBD7CAA639A}.Release|Any CPU.ActiveCfg = Release|Any CPU
		{4BAFE498-DC73-4082-865E-8EBD7CAA639A}.Release|Any CPU.Build.0 = Release|Any CPU
		{60CD0AED-6AD7-4555-878C-C79DFE73697E}.Debug|Any CPU.ActiveCfg = Debug|Any CPU
		{60CD0AED-6AD7-4555-878C-C79DFE73697E}.Debug|Any CPU.Build.0 = Debug|Any CPU
		{60CD0AED-6AD7-4555-878C-C79DFE73697E}.Release|Any CPU.ActiveCfg = Release|Any CPU
		{60CD0AED-6AD7-4555-878C-C79DFE73697E}.Release|Any CPU.Build.0 = Release|Any CPU
		{FC110704-3B3D-445D-B92D-E965C108BD92}.Debug|Any CPU.ActiveCfg = Debug|Any CPU
		{FC110704-3B3D-445D-B92D-E965C108BD92}.Debug|Any CPU.Build.0 = Debug|Any CPU
		{FC110704-3B3D-445D-B92D-E965C108BD92}.Release|Any CPU.ActiveCfg = Release|Any CPU
		{FC110704-3B3D-445D-B92D-E965C108BD92}.Release|Any CPU.Build.0 = Release|Any CPU
		{BBBDB6B6-F06E-4E1B-B5E4-E1D484EFCFE9}.Debug|Any CPU.ActiveCfg = Debug|Any CPU
		{BBBDB6B6-F06E-4E1B-B5E4-E1D484EFCFE9}.Debug|Any CPU.Build.0 = Debug|Any CPU
		{BBBDB6B6-F06E-4E1B-B5E4-E1D484EFCFE9}.Release|Any CPU.ActiveCfg = Release|Any CPU
		{BBBDB6B6-F06E-4E1B-B5E4-E1D484EFCFE9}.Release|Any CPU.Build.0 = Release|Any CPU
	EndGlobalSection
	GlobalSection(SolutionProperties) = preSolution
		HideSolutionNode = FALSE
	EndGlobalSection
	GlobalSection(NestedProjects) = preSolution
		{0458789A-7B1E-45ED-A246-33EF4470D446} = {A64C1570-084E-4506-9929-A9AF1B043F47}
		{7C8E7E05-42E2-481A-B989-42BDF5FE15D9} = {CBC218D7-6A7F-4AF1-ABE4-0E4A1DDFA800}
		{4BAFE498-DC73-4082-865E-8EBD7CAA639A} = {691037F4-CE7C-40C4-8084-A62290E18282}
		{FC110704-3B3D-445D-B92D-E965C108BD92} = {862F157B-24CB-4917-885D-7CA15733EA21}
		{BBBDB6B6-F06E-4E1B-B5E4-E1D484EFCFE9} = {6B273AE9-5E54-4DFC-9A91-6817549E5D94}
	EndGlobalSection
	GlobalSection(ExtensibilityGlobals) = postSolution
		SolutionGuid = {1C53B6FD-B46D-408C-8730-30BB593890EC}
	EndGlobalSection
EndGlobal
